
Microsoft Visual Studio Solution File, Format Version 12.00
Project("{FAE04EC0-301F-11D3-BF4B-00C04F79EFBC}") = "FlexiMail", "FlexiMail\FlexiMail.csproj", "{3470E854-ADF4-4408-A372-076BCEBD4D30}"
EndProject
Project("{FAE04EC0-301F-11D3-BF4B-00C04F79EFBC}") = "FlexiMail.Tests.Unit", "FlexiMail.Tests.Unit\FlexiMail.Tests.Unit.csproj", "{E7E74297-E2B4-4A5F-9F10-13CFDB1DDF69}"
EndProject
Project("{FAE04EC0-301F-11D3-BF4B-00C04F79EFBC}") = "FlexiMail.Infrastructure.Build", "FlexiMail.Infrastructure.Build\FlexiMail.Infrastructure.Build.csproj", "{5DDAB7DA-8535-413C-BF4E-E76FC5BF24CC}"
EndProject
Project("{FAE04EC0-301F-11D3-BF4B-00C04F79EFBC}") = "FlexiMail.Test.Integration", "FlexiMail.Test.Integration\FlexiMail.Test.Integration.csproj", "{591680E9-4CF5-40CE-84C4-2F8735E1E606}"
EndProject
Global
	GlobalSection(SolutionConfigurationPlatforms) = preSolution
		Debug|Any CPU = Debug|Any CPU
		Release|Any CPU = Release|Any CPU
	EndGlobalSection
	GlobalSection(ProjectConfigurationPlatforms) = postSolution
		{3470E854-ADF4-4408-A372-076BCEBD4D30}.Debug|Any CPU.ActiveCfg = Debug|Any CPU
		{3470E854-ADF4-4408-A372-076BCEBD4D30}.Debug|Any CPU.Build.0 = Debug|Any CPU
		{3470E854-ADF4-4408-A372-076BCEBD4D30}.Release|Any CPU.ActiveCfg = Release|Any CPU
		{3470E854-ADF4-4408-A372-076BCEBD4D30}.Release|Any CPU.Build.0 = Release|Any CPU
		{E7E74297-E2B4-4A5F-9F10-13CFDB1DDF69}.Debug|Any CPU.ActiveCfg = Debug|Any CPU
		{E7E74297-E2B4-4A5F-9F10-13CFDB1DDF69}.Debug|Any CPU.Build.0 = Debug|Any CPU
		{E7E74297-E2B4-4A5F-9F10-13CFDB1DDF69}.Release|Any CPU.ActiveCfg = Release|Any CPU
		{E7E74297-E2B4-4A5F-9F10-13CFDB1DDF69}.Release|Any CPU.Build.0 = Release|Any CPU
		{5DDAB7DA-8535-413C-BF4E-E76FC5BF24CC}.Debug|Any CPU.ActiveCfg = Debug|Any CPU
		{5DDAB7DA-8535-413C-BF4E-E76FC5BF24CC}.Debug|Any CPU.Build.0 = Debug|Any CPU
		{5DDAB7DA-8535-413C-BF4E-E76FC5BF24CC}.Release|Any CPU.ActiveCfg = Release|Any CPU
		{5DDAB7DA-8535-413C-BF4E-E76FC5BF24CC}.Release|Any CPU.Build.0 = Release|Any CPU
		{591680E9-4CF5-40CE-84C4-2F8735E1E606}.Debug|Any CPU.ActiveCfg = Debug|Any CPU
		{591680E9-4CF5-40CE-84C4-2F8735E1E606}.Debug|Any CPU.Build.0 = Debug|Any CPU
		{591680E9-4CF5-40CE-84C4-2F8735E1E606}.Release|Any CPU.ActiveCfg = Release|Any CPU
		{591680E9-4CF5-40CE-84C4-2F8735E1E606}.Release|Any CPU.Build.0 = Release|Any CPU
	EndGlobalSection
EndGlobal
